
Microsoft Visual Studio Solution File, Format Version 12.00
# Visual Studio Version 17
VisualStudioVersion = 17.0.32014.148
MinimumVisualStudioVersion = 10.0.40219.1
Project("{9A19103F-16F7-4668-BE54-9A1E7A4F7556}") = "TeamGenerator.Model", "TeamGenerator.Model\TeamGenerator.Model.csproj", "{A2B432CB-0B38-4426-AC49-5AA0E6096F79}"
EndProject
Project("{9A19103F-16F7-4668-BE54-9A1E7A4F7556}") = "TeamGenerator.Core", "TeamGenerator.Core\TeamGenerator.Core.csproj", "{AA8E144C-A668-48D2-91E8-7ED620D806D3}"
EndProject
Project("{9A19103F-16F7-4668-BE54-9A1E7A4F7556}") = "TeamGenerator.Core.Tests", "TeamGenerator.Core.Test\TeamGenerator.Core.Tests.csproj", "{C6E62D54-E70A-422F-8852-D56DBF823076}"
EndProject
Project("{9A19103F-16F7-4668-BE54-9A1E7A4F7556}") = "TeamGenerator.Model.Tests", "TeamGenerator.Model.Tests\TeamGenerator.Model.Tests.csproj", "{C21554B4-2CE6-4C61-8780-7D4970AD6AF4}"
EndProject
Project("{9A19103F-16F7-4668-BE54-9A1E7A4F7556}") = "TeamGenerator.Infrastructure", "TeamGenerator.Infrastructure\TeamGenerator.Infrastructure.csproj", "{BAB005A6-347E-4D35-BEAA-81CF3FBCE8CA}"
EndProject
Project("{9A19103F-16F7-4668-BE54-9A1E7A4F7556}") = "TeamGenerator.Infrastructure.Tests", "TeamGenerator.Infrastructure.Tests\TeamGenerator.Infrastructure.Tests.csproj", "{C1692379-D677-487C-BE0E-CB2E86F145A8}"
EndProject
Project("{9A19103F-16F7-4668-BE54-9A1E7A4F7556}") = "TeamGenerator", "TeamGenerator\TeamGenerator.csproj", "{70BBADC0-020E-416D-9196-E53E6081CEEC}"
EndProject
Global
	GlobalSection(SolutionConfigurationPlatforms) = preSolution
		Debug|Any CPU = Debug|Any CPU
		Debug|x64 = Debug|x64
		Release|Any CPU = Release|Any CPU
		Release|x64 = Release|x64
	EndGlobalSection
	GlobalSection(ProjectConfigurationPlatforms) = postSolution
		{A2B432CB-0B38-4426-AC49-5AA0E6096F79}.Debug|Any CPU.ActiveCfg = Debug|x64
		{A2B432CB-0B38-4426-AC49-5AA0E6096F79}.Debug|Any CPU.Build.0 = Debug|x64
		{A2B432CB-0B38-4426-AC49-5AA0E6096F79}.Debug|x64.ActiveCfg = Debug|x64
		{A2B432CB-0B38-4426-AC49-5AA0E6096F79}.Debug|x64.Build.0 = Debug|x64
		{A2B432CB-0B38-4426-AC49-5AA0E6096F79}.Release|Any CPU.ActiveCfg = Release|x64
		{A2B432CB-0B38-4426-AC49-5AA0E6096F79}.Release|Any CPU.Build.0 = Release|x64
		{A2B432CB-0B38-4426-AC49-5AA0E6096F79}.Release|x64.ActiveCfg = Release|x64
		{A2B432CB-0B38-4426-AC49-5AA0E6096F79}.Release|x64.Build.0 = Release|x64
		{AA8E144C-A668-48D2-91E8-7ED620D806D3}.Debug|Any CPU.ActiveCfg = Debug|x64
		{AA8E144C-A668-48D2-91E8-7ED620D806D3}.Debug|Any CPU.Build.0 = Debug|x64
		{AA8E144C-A668-48D2-91E8-7ED620D806D3}.Debug|x64.ActiveCfg = Debug|x64
		{AA8E144C-A668-48D2-91E8-7ED620D806D3}.Debug|x64.Build.0 = Debug|x64
		{AA8E144C-A668-48D2-91E8-7ED620D806D3}.Release|Any CPU.ActiveCfg = Release|x64
		{AA8E144C-A668-48D2-91E8-7ED620D806D3}.Release|Any CPU.Build.0 = Release|x64
		{AA8E144C-A668-48D2-91E8-7ED620D806D3}.Release|x64.ActiveCfg = Release|x64
		{AA8E144C-A668-48D2-91E8-7ED620D806D3}.Release|x64.Build.0 = Release|x64
		{C6E62D54-E70A-422F-8852-D56DBF823076}.Debug|Any CPU.ActiveCfg = Debug|x64
		{C6E62D54-E70A-422F-8852-D56DBF823076}.Debug|Any CPU.Build.0 = Debug|x64
		{C6E62D54-E70A-422F-8852-D56DBF823076}.Debug|x64.ActiveCfg = Debug|x64
		{C6E62D54-E70A-422F-8852-D56DBF823076}.Debug|x64.Build.0 = Debug|x64
		{C6E62D54-E70A-422F-8852-D56DBF823076}.Release|Any CPU.ActiveCfg = Release|x64
		{C6E62D54-E70A-422F-8852-D56DBF823076}.Release|Any CPU.Build.0 = Release|x64
		{C6E62D54-E70A-422F-8852-D56DBF823076}.Release|x64.ActiveCfg = Release|x64
		{C6E62D54-E70A-422F-8852-D56DBF823076}.Release|x64.Build.0 = Release|x64
		{C21554B4-2CE6-4C61-8780-7D4970AD6AF4}.Debug|Any CPU.ActiveCfg = Debug|x64
		{C21554B4-2CE6-4C61-8780-7D4970AD6AF4}.Debug|Any CPU.Build.0 = Debug|x64
		{C21554B4-2CE6-4C61-8780-7D4970AD6AF4}.Debug|x64.ActiveCfg = Debug|x64
		{C21554B4-2CE6-4C61-8780-7D4970AD6AF4}.Debug|x64.Build.0 = Debug|x64
		{C21554B4-2CE6-4C61-8780-7D4970AD6AF4}.Release|Any CPU.ActiveCfg = Release|x64
		{C21554B4-2CE6-4C61-8780-7D4970AD6AF4}.Release|Any CPU.Build.0 = Release|x64
		{C21554B4-2CE6-4C61-8780-7D4970AD6AF4}.Release|x64.ActiveCfg = Release|x64
		{C21554B4-2CE6-4C61-8780-7D4970AD6AF4}.Release|x64.Build.0 = Release|x64
		{BAB005A6-347E-4D35-BEAA-81CF3FBCE8CA}.Debug|Any CPU.ActiveCfg = Debug|x64
		{BAB005A6-347E-4D35-BEAA-81CF3FBCE8CA}.Debug|Any CPU.Build.0 = Debug|x64
		{BAB005A6-347E-4D35-BEAA-81CF3FBCE8CA}.Debug|x64.ActiveCfg = Debug|x64
		{BAB005A6-347E-4D35-BEAA-81CF3FBCE8CA}.Debug|x64.Build.0 = Debug|x64
		{BAB005A6-347E-4D35-BEAA-81CF3FBCE8CA}.Release|Any CPU.ActiveCfg = Release|x64
		{BAB005A6-347E-4D35-BEAA-81CF3FBCE8CA}.Release|Any CPU.Build.0 = Release|x64
		{BAB005A6-347E-4D35-BEAA-81CF3FBCE8CA}.Release|x64.ActiveCfg = Release|x64
		{BAB005A6-347E-4D35-BEAA-81CF3FBCE8CA}.Release|x64.Build.0 = Release|x64
		{C1692379-D677-487C-BE0E-CB2E86F145A8}.Debug|Any CPU.ActiveCfg = Debug|x64
		{C1692379-D677-487C-BE0E-CB2E86F145A8}.Debug|Any CPU.Build.0 = Debug|x64
		{C1692379-D677-487C-BE0E-CB2E86F145A8}.Debug|x64.ActiveCfg = Debug|x64
		{C1692379-D677-487C-BE0E-CB2E86F145A8}.Debug|x64.Build.0 = Debug|x64
		{C1692379-D677-487C-BE0E-CB2E86F145A8}.Release|Any CPU.ActiveCfg = Release|x64
		{C1692379-D677-487C-BE0E-CB2E86F145A8}.Release|Any CPU.Build.0 = Release|x64
		{C1692379-D677-487C-BE0E-CB2E86F145A8}.Release|x64.ActiveCfg = Release|x64
		{C1692379-D677-487C-BE0E-CB2E86F145A8}.Release|x64.Build.0 = Release|x64
		{70BBADC0-020E-416D-9196-E53E6081CEEC}.Debug|Any CPU.ActiveCfg = Debug|x64
		{70BBADC0-020E-416D-9196-E53E6081CEEC}.Debug|Any CPU.Build.0 = Debug|x64
		{70BBADC0-020E-416D-9196-E53E6081CEEC}.Debug|x64.ActiveCfg = Debug|x64
		{70BBADC0-020E-416D-9196-E53E6081CEEC}.Debug|x64.Build.0 = Debug|x64
		{70BBADC0-020E-416D-9196-E53E6081CEEC}.Release|Any CPU.ActiveCfg = Release|Any CPU
		{70BBADC0-020E-416D-9196-E53E6081CEEC}.Release|Any CPU.Build.0 = Release|Any CPU
		{70BBADC0-020E-416D-9196-E53E6081CEEC}.Release|x64.ActiveCfg = Release|Any CPU
		{70BBADC0-020E-416D-9196-E53E6081CEEC}.Release|x64.Build.0 = Release|Any CPU
	EndGlobalSection
	GlobalSection(SolutionProperties) = preSolution
		HideSolutionNode = FALSE
	EndGlobalSection
	GlobalSection(ExtensibilityGlobals) = postSolution
		SolutionGuid = {88A64C23-C766-48CA-8131-85D66CC28B9E}
	EndGlobalSection
EndGlobal
